
Microsoft Visual Studio Solution File, Format Version 12.00
# Visual Studio 14
VisualStudioVersion = 14.0.25123.0
MinimumVisualStudioVersion = 10.0.40219.1
Project("{FAE04EC0-301F-11D3-BF4B-00C04F79EFBC}") = "ExceptionHandling", "ExceptionHandling\ExceptionHandling.csproj", "{5AFEA3AA-AF0B-42CC-AB39-1A0A1DF1909B}"
EndProject
Project("{FAE04EC0-301F-11D3-BF4B-00C04F79EFBC}") = "ExceptionHandling.Tests", "ExceptionHandling.Tests\ExceptionHandling.Tests.csproj", "{513F769C-FE0E-4CD6-863F-98DCA89B9221}"
EndProject
Global
	GlobalSection(SolutionConfigurationPlatforms) = preSolution
		Debug|Any CPU = Debug|Any CPU
		Release|Any CPU = Release|Any CPU
	EndGlobalSection
	GlobalSection(ProjectConfigurationPlatforms) = postSolution
		{5AFEA3AA-AF0B-42CC-AB39-1A0A1DF1909B}.Debug|Any CPU.ActiveCfg = Debug|Any CPU
		{5AFEA3AA-AF0B-42CC-AB39-1A0A1DF1909B}.Debug|Any CPU.Build.0 = Debug|Any CPU
		{5AFEA3AA-AF0B-42CC-AB39-1A0A1DF1909B}.Release|Any CPU.ActiveCfg = Release|Any CPU
		{5AFEA3AA-AF0B-42CC-AB39-1A0A1DF1909B}.Release|Any CPU.Build.0 = Release|Any CPU
		{513F769C-FE0E-4CD6-863F-98DCA89B9221}.Debug|Any CPU.ActiveCfg = Debug|Any CPU
		{513F769C-FE0E-4CD6-863F-98DCA89B9221}.Debug|Any CPU.Build.0 = Debug|Any CPU
		{513F769C-FE0E-4CD6-863F-98DCA89B9221}.Release|Any CPU.ActiveCfg = Release|Any CPU
		{513F769C-FE0E-4CD6-863F-98DCA89B9221}.Release|Any CPU.Build.0 = Release|Any CPU
	EndGlobalSection
	GlobalSection(SolutionProperties) = preSolution
		HideSolutionNode = FALSE
	EndGlobalSection
EndGlobal
